// !$*UTF8*$!
{
	archiveVersion = 1;
	classes = {
	};
	objectVersion = 77;
	objects = {

/* Begin PBXBuildFile section */
		13AC35B92D5B334700FA1190 /* FirebaseAnalytics in Frameworks */ = {isa = PBXBuildFile; productRef = 13AC35B82D5B334700FA1190 /* FirebaseAnalytics */; };
		13AC35BB2D5B334700FA1190 /* FirebaseAnalyticsOnDeviceConversion in Frameworks */ = {isa = PBXBuildFile; productRef = 13AC35BA2D5B334700FA1190 /* FirebaseAnalyticsOnDeviceConversion */; };
		13AC35BD2D5B334700FA1190 /* FirebaseAnalyticsWithoutAdIdSupport in Frameworks */ = {isa = PBXBuildFile; productRef = 13AC35BC2D5B334700FA1190 /* FirebaseAnalyticsWithoutAdIdSupport */; };
		13AC35BF2D5B334700FA1190 /* FirebaseAppCheck in Frameworks */ = {isa = PBXBuildFile; productRef = 13AC35BE2D5B334700FA1190 /* FirebaseAppCheck */; };
		13AC35C12D5B334700FA1190 /* FirebaseAppDistribution-Beta in Frameworks */ = {isa = PBXBuildFile; productRef = 13AC35C02D5B334700FA1190 /* FirebaseAppDistribution-Beta */; };
		13AC35C32D5B334700FA1190 /* FirebaseAuth in Frameworks */ = {isa = PBXBuildFile; productRef = 13AC35C22D5B334700FA1190 /* FirebaseAuth */; };
		13AC35C52D5B334700FA1190 /* FirebaseAuthCombine-Community in Frameworks */ = {isa = PBXBuildFile; productRef = 13AC35C42D5B334700FA1190 /* FirebaseAuthCombine-Community */; };
		13AC35C72D5B334700FA1190 /* FirebaseCore in Frameworks */ = {isa = PBXBuildFile; productRef = 13AC35C62D5B334700FA1190 /* FirebaseCore */; };
		13AC35C92D5B334700FA1190 /* FirebaseCrashlytics in Frameworks */ = {isa = PBXBuildFile; productRef = 13AC35C82D5B334700FA1190 /* FirebaseCrashlytics */; };
		13AC35CB2D5B334700FA1190 /* FirebaseDatabase in Frameworks */ = {isa = PBXBuildFile; productRef = 13AC35CA2D5B334700FA1190 /* FirebaseDatabase */; };
		13AC35CD2D5B334700FA1190 /* FirebaseDynamicLinks in Frameworks */ = {isa = PBXBuildFile; productRef = 13AC35CC2D5B334700FA1190 /* FirebaseDynamicLinks */; };
		13AC35CF2D5B334700FA1190 /* FirebaseFirestore in Frameworks */ = {isa = PBXBuildFile; productRef = 13AC35CE2D5B334700FA1190 /* FirebaseFirestore */; };
		13AC35D12D5B334700FA1190 /* FirebaseFirestoreCombine-Community in Frameworks */ = {isa = PBXBuildFile; productRef = 13AC35D02D5B334700FA1190 /* FirebaseFirestoreCombine-Community */; };
		13AC35D32D5B334700FA1190 /* FirebaseFunctions in Frameworks */ = {isa = PBXBuildFile; productRef = 13AC35D22D5B334700FA1190 /* FirebaseFunctions */; };
		13AC35D52D5B334700FA1190 /* FirebaseFunctionsCombine-Community in Frameworks */ = {isa = PBXBuildFile; productRef = 13AC35D42D5B334700FA1190 /* FirebaseFunctionsCombine-Community */; };
		13AC35D72D5B334700FA1190 /* FirebaseInAppMessaging-Beta in Frameworks */ = {isa = PBXBuildFile; productRef = 13AC35D62D5B334700FA1190 /* FirebaseInAppMessaging-Beta */; };
		13AC35D92D5B334700FA1190 /* FirebaseInstallations in Frameworks */ = {isa = PBXBuildFile; productRef = 13AC35D82D5B334700FA1190 /* FirebaseInstallations */; };
		13AC35DB2D5B334700FA1190 /* FirebaseMLModelDownloader in Frameworks */ = {isa = PBXBuildFile; productRef = 13AC35DA2D5B334700FA1190 /* FirebaseMLModelDownloader */; };
		13AC35DD2D5B334700FA1190 /* FirebaseMessaging in Frameworks */ = {isa = PBXBuildFile; productRef = 13AC35DC2D5B334700FA1190 /* FirebaseMessaging */; };
		13AC35DF2D5B334700FA1190 /* FirebasePerformance in Frameworks */ = {isa = PBXBuildFile; productRef = 13AC35DE2D5B334700FA1190 /* FirebasePerformance */; };
		13AC35E12D5B334700FA1190 /* FirebaseRemoteConfig in Frameworks */ = {isa = PBXBuildFile; productRef = 13AC35E02D5B334700FA1190 /* FirebaseRemoteConfig */; };
		13AC35E32D5B334700FA1190 /* FirebaseStorage in Frameworks */ = {isa = PBXBuildFile; productRef = 13AC35E22D5B334700FA1190 /* FirebaseStorage */; };
		13AC35E52D5B334700FA1190 /* FirebaseVertexAI in Frameworks */ = {isa = PBXBuildFile; productRef = 13AC35E42D5B334700FA1190 /* FirebaseVertexAI */; };
		13AC35EC2D5B348000FA1190 /* GoogleSignIn in Frameworks */ = {isa = PBXBuildFile; productRef = 13AC35EB2D5B348000FA1190 /* GoogleSignIn */; };
		13AC35EE2D5B348000FA1190 /* GoogleSignInSwift in Frameworks */ = {isa = PBXBuildFile; productRef = 13AC35ED2D5B348000FA1190 /* GoogleSignInSwift */; };
/* End PBXBuildFile section */

/* Begin PBXContainerItemProxy section */
		13AC35962D5B2C5D00FA1190 /* PBXContainerItemProxy */ = {
			isa = PBXContainerItemProxy;
			containerPortal = 13AC35792D5B2C5B00FA1190 /* Project object */;
			proxyType = 1;
			remoteGlobalIDString = 13AC35802D5B2C5B00FA1190;
			remoteInfo = unitask;
		};
		13AC35A02D5B2C5D00FA1190 /* PBXContainerItemProxy */ = {
			isa = PBXContainerItemProxy;
			containerPortal = 13AC35792D5B2C5B00FA1190 /* Project object */;
			proxyType = 1;
			remoteGlobalIDString = 13AC35802D5B2C5B00FA1190;
			remoteInfo = unitask;
		};
/* End PBXContainerItemProxy section */

/* Begin PBXFileReference section */
		13AC35812D5B2C5B00FA1190 /* unitask.app */ = {isa = PBXFileReference; explicitFileType = wrapper.application; includeInIndex = 0; path = unitask.app; sourceTree = BUILT_PRODUCTS_DIR; };
		13AC35952D5B2C5D00FA1190 /* unitaskTests.xctest */ = {isa = PBXFileReference; explicitFileType = wrapper.cfbundle; includeInIndex = 0; path = unitaskTests.xctest; sourceTree = BUILT_PRODUCTS_DIR; };
		13AC359F2D5B2C5D00FA1190 /* unitaskUITests.xctest */ = {isa = PBXFileReference; explicitFileType = wrapper.cfbundle; includeInIndex = 0; path = unitaskUITests.xctest; sourceTree = BUILT_PRODUCTS_DIR; };
/* End PBXFileReference section */

/* Begin PBXFileSystemSynchronizedBuildFileExceptionSet section */
		13AC35A72D5B2C5D00FA1190 /* Exceptions for "unitask" folder in "unitask" target */ = {
			isa = PBXFileSystemSynchronizedBuildFileExceptionSet;
			membershipExceptions = (
				Info.plist,
			);
			target = 13AC35802D5B2C5B00FA1190 /* unitask */;
		};
/* End PBXFileSystemSynchronizedBuildFileExceptionSet section */

/* Begin PBXFileSystemSynchronizedRootGroup section */
		13AC35832D5B2C5B00FA1190 /* unitask */ = {
			isa = PBXFileSystemSynchronizedRootGroup;
			exceptions = (
				13AC35A72D5B2C5D00FA1190 /* Exceptions for "unitask" folder in "unitask" target */,
			);
			path = unitask;
			sourceTree = "<group>";
		};
		13AC35982D5B2C5D00FA1190 /* unitaskTests */ = {
			isa = PBXFileSystemSynchronizedRootGroup;
			path = unitaskTests;
			sourceTree = "<group>";
		};
		13AC35A22D5B2C5D00FA1190 /* unitaskUITests */ = {
			isa = PBXFileSystemSynchronizedRootGroup;
			path = unitaskUITests;
			sourceTree = "<group>";
		};
/* End PBXFileSystemSynchronizedRootGroup section */

/* Begin PBXFrameworksBuildPhase section */
		13AC357E2D5B2C5B00FA1190 /* Frameworks */ = {
			isa = PBXFrameworksBuildPhase;
			buildActionMask = 2147483647;
			files = (
				13AC35D12D5B334700FA1190 /* FirebaseFirestoreCombine-Community in Frameworks */,
				13AC35D32D5B334700FA1190 /* FirebaseFunctions in Frameworks */,
				13AC35DF2D5B334700FA1190 /* FirebasePerformance in Frameworks */,
				13AC35E12D5B334700FA1190 /* FirebaseRemoteConfig in Frameworks */,
				13AC35CB2D5B334700FA1190 /* FirebaseDatabase in Frameworks */,
				13AC35CD2D5B334700FA1190 /* FirebaseDynamicLinks in Frameworks */,
				13AC35BF2D5B334700FA1190 /* FirebaseAppCheck in Frameworks */,
				13AC35E52D5B334700FA1190 /* FirebaseVertexAI in Frameworks */,
				13AC35C32D5B334700FA1190 /* FirebaseAuth in Frameworks */,
				13AC35B92D5B334700FA1190 /* FirebaseAnalytics in Frameworks */,
				13AC35CF2D5B334700FA1190 /* FirebaseFirestore in Frameworks */,
				13AC35DD2D5B334700FA1190 /* FirebaseMessaging in Frameworks */,
				13AC35D92D5B334700FA1190 /* FirebaseInstallations in Frameworks */,
				13AC35D52D5B334700FA1190 /* FirebaseFunctionsCombine-Community in Frameworks */,
				13AC35C12D5B334700FA1190 /* FirebaseAppDistribution-Beta in Frameworks */,
				13AC35BD2D5B334700FA1190 /* FirebaseAnalyticsWithoutAdIdSupport in Frameworks */,
				13AC35D72D5B334700FA1190 /* FirebaseInAppMessaging-Beta in Frameworks */,
				13AC35EC2D5B348000FA1190 /* GoogleSignIn in Frameworks */,
				13AC35C52D5B334700FA1190 /* FirebaseAuthCombine-Community in Frameworks */,
				13AC35C92D5B334700FA1190 /* FirebaseCrashlytics in Frameworks */,
				13AC35EE2D5B348000FA1190 /* GoogleSignInSwift in Frameworks */,
				13AC35DB2D5B334700FA1190 /* FirebaseMLModelDownloader in Frameworks */,
				13AC35E32D5B334700FA1190 /* FirebaseStorage in Frameworks */,
				13AC35C72D5B334700FA1190 /* FirebaseCore in Frameworks */,
				13AC35BB2D5B334700FA1190 /* FirebaseAnalyticsOnDeviceConversion in Frameworks */,
			);
			runOnlyForDeploymentPostprocessing = 0;
		};
		13AC35922D5B2C5D00FA1190 /* Frameworks */ = {
			isa = PBXFrameworksBuildPhase;
			buildActionMask = 2147483647;
			files = (
			);
			runOnlyForDeploymentPostprocessing = 0;
		};
		13AC359C2D5B2C5D00FA1190 /* Frameworks */ = {
			isa = PBXFrameworksBuildPhase;
			buildActionMask = 2147483647;
			files = (
			);
			runOnlyForDeploymentPostprocessing = 0;
		};
/* End PBXFrameworksBuildPhase section */

/* Begin PBXGroup section */
		13AC35782D5B2C5B00FA1190 = {
			isa = PBXGroup;
			children = (
				13AC35832D5B2C5B00FA1190 /* unitask */,
				13AC35982D5B2C5D00FA1190 /* unitaskTests */,
				13AC35A22D5B2C5D00FA1190 /* unitaskUITests */,
				13AC35822D5B2C5B00FA1190 /* Products */,
			);
			sourceTree = "<group>";
		};
		13AC35822D5B2C5B00FA1190 /* Products */ = {
			isa = PBXGroup;
			children = (
				13AC35812D5B2C5B00FA1190 /* unitask.app */,
				13AC35952D5B2C5D00FA1190 /* unitaskTests.xctest */,
				13AC359F2D5B2C5D00FA1190 /* unitaskUITests.xctest */,
			);
			name = Products;
			sourceTree = "<group>";
		};
/* End PBXGroup section */

/* Begin PBXNativeTarget section */
		13AC35802D5B2C5B00FA1190 /* unitask */ = {
			isa = PBXNativeTarget;
			buildConfigurationList = 13AC35A82D5B2C5D00FA1190 /* Build configuration list for PBXNativeTarget "unitask" */;
			buildPhases = (
				13AC357D2D5B2C5B00FA1190 /* Sources */,
				13AC357E2D5B2C5B00FA1190 /* Frameworks */,
				13AC357F2D5B2C5B00FA1190 /* Resources */,
			);
			buildRules = (
			);
			dependencies = (
			);
			fileSystemSynchronizedGroups = (
				13AC35832D5B2C5B00FA1190 /* unitask */,
			);
			name = unitask;
			packageProductDependencies = (
				13AC35B82D5B334700FA1190 /* FirebaseAnalytics */,
				13AC35BA2D5B334700FA1190 /* FirebaseAnalyticsOnDeviceConversion */,
				13AC35BC2D5B334700FA1190 /* FirebaseAnalyticsWithoutAdIdSupport */,
				13AC35BE2D5B334700FA1190 /* FirebaseAppCheck */,
				13AC35C02D5B334700FA1190 /* FirebaseAppDistribution-Beta */,
				13AC35C22D5B334700FA1190 /* FirebaseAuth */,
				13AC35C42D5B334700FA1190 /* FirebaseAuthCombine-Community */,
				13AC35C62D5B334700FA1190 /* FirebaseCore */,
				13AC35C82D5B334700FA1190 /* FirebaseCrashlytics */,
				13AC35CA2D5B334700FA1190 /* FirebaseDatabase */,
				13AC35CC2D5B334700FA1190 /* FirebaseDynamicLinks */,
				13AC35CE2D5B334700FA1190 /* FirebaseFirestore */,
				13AC35D02D5B334700FA1190 /* FirebaseFirestoreCombine-Community */,
				13AC35D22D5B334700FA1190 /* FirebaseFunctions */,
				13AC35D42D5B334700FA1190 /* FirebaseFunctionsCombine-Community */,
				13AC35D62D5B334700FA1190 /* FirebaseInAppMessaging-Beta */,
				13AC35D82D5B334700FA1190 /* FirebaseInstallations */,
				13AC35DA2D5B334700FA1190 /* FirebaseMLModelDownloader */,
				13AC35DC2D5B334700FA1190 /* FirebaseMessaging */,
				13AC35DE2D5B334700FA1190 /* FirebasePerformance */,
				13AC35E02D5B334700FA1190 /* FirebaseRemoteConfig */,
				13AC35E22D5B334700FA1190 /* FirebaseStorage */,
				13AC35E42D5B334700FA1190 /* FirebaseVertexAI */,
				13AC35EB2D5B348000FA1190 /* GoogleSignIn */,
				13AC35ED2D5B348000FA1190 /* GoogleSignInSwift */,
			);
			productName = unitask;
			productReference = 13AC35812D5B2C5B00FA1190 /* unitask.app */;
			productType = "com.apple.product-type.application";
		};
		13AC35942D5B2C5D00FA1190 /* unitaskTests */ = {
			isa = PBXNativeTarget;
			buildConfigurationList = 13AC35AD2D5B2C5D00FA1190 /* Build configuration list for PBXNativeTarget "unitaskTests" */;
			buildPhases = (
				13AC35912D5B2C5D00FA1190 /* Sources */,
				13AC35922D5B2C5D00FA1190 /* Frameworks */,
				13AC35932D5B2C5D00FA1190 /* Resources */,
			);
			buildRules = (
			);
			dependencies = (
				13AC35972D5B2C5D00FA1190 /* PBXTargetDependency */,
			);
			fileSystemSynchronizedGroups = (
				13AC35982D5B2C5D00FA1190 /* unitaskTests */,
			);
			name = unitaskTests;
			packageProductDependencies = (
			);
			productName = unitaskTests;
			productReference = 13AC35952D5B2C5D00FA1190 /* unitaskTests.xctest */;
			productType = "com.apple.product-type.bundle.unit-test";
		};
		13AC359E2D5B2C5D00FA1190 /* unitaskUITests */ = {
			isa = PBXNativeTarget;
			buildConfigurationList = 13AC35B02D5B2C5D00FA1190 /* Build configuration list for PBXNativeTarget "unitaskUITests" */;
			buildPhases = (
				13AC359B2D5B2C5D00FA1190 /* Sources */,
				13AC359C2D5B2C5D00FA1190 /* Frameworks */,
				13AC359D2D5B2C5D00FA1190 /* Resources */,
			);
			buildRules = (
			);
			dependencies = (
				13AC35A12D5B2C5D00FA1190 /* PBXTargetDependency */,
			);
			fileSystemSynchronizedGroups = (
				13AC35A22D5B2C5D00FA1190 /* unitaskUITests */,
			);
			name = unitaskUITests;
			packageProductDependencies = (
			);
			productName = unitaskUITests;
			productReference = 13AC359F2D5B2C5D00FA1190 /* unitaskUITests.xctest */;
			productType = "com.apple.product-type.bundle.ui-testing";
		};
/* End PBXNativeTarget section */

/* Begin PBXProject section */
		13AC35792D5B2C5B00FA1190 /* Project object */ = {
			isa = PBXProject;
			attributes = {
				BuildIndependentTargetsInParallel = 1;
				LastSwiftUpdateCheck = 1620;
				LastUpgradeCheck = 1620;
				TargetAttributes = {
					13AC35802D5B2C5B00FA1190 = {
						CreatedOnToolsVersion = 16.2;
					};
					13AC35942D5B2C5D00FA1190 = {
						CreatedOnToolsVersion = 16.2;
						TestTargetID = 13AC35802D5B2C5B00FA1190;
					};
					13AC359E2D5B2C5D00FA1190 = {
						CreatedOnToolsVersion = 16.2;
						TestTargetID = 13AC35802D5B2C5B00FA1190;
					};
				};
			};
			buildConfigurationList = 13AC357C2D5B2C5B00FA1190 /* Build configuration list for PBXProject "unitask" */;
			developmentRegion = en;
			hasScannedForEncodings = 0;
			knownRegions = (
				en,
				Base,
			);
			mainGroup = 13AC35782D5B2C5B00FA1190;
			minimizedProjectReferenceProxies = 1;
			packageReferences = (
				13AC35B72D5B334600FA1190 /* XCRemoteSwiftPackageReference "firebase-ios-sdk" */,
				13AC35EA2D5B348000FA1190 /* XCRemoteSwiftPackageReference "GoogleSignIn-iOS" */,
			);
			preferredProjectObjectVersion = 77;
			productRefGroup = 13AC35822D5B2C5B00FA1190 /* Products */;
			projectDirPath = "";
			projectRoot = "";
			targets = (
				13AC35802D5B2C5B00FA1190 /* unitask */,
				13AC35942D5B2C5D00FA1190 /* unitaskTests */,
				13AC359E2D5B2C5D00FA1190 /* unitaskUITests */,
			);
		};
/* End PBXProject section */

/* Begin PBXResourcesBuildPhase section */
		13AC357F2D5B2C5B00FA1190 /* Resources */ = {
			isa = PBXResourcesBuildPhase;
			buildActionMask = 2147483647;
			files = (
			);
			runOnlyForDeploymentPostprocessing = 0;
		};
		13AC35932D5B2C5D00FA1190 /* Resources */ = {
			isa = PBXResourcesBuildPhase;
			buildActionMask = 2147483647;
			files = (
			);
			runOnlyForDeploymentPostprocessing = 0;
		};
		13AC359D2D5B2C5D00FA1190 /* Resources */ = {
			isa = PBXResourcesBuildPhase;
			buildActionMask = 2147483647;
			files = (
			);
			runOnlyForDeploymentPostprocessing = 0;
		};
/* End PBXResourcesBuildPhase section */

/* Begin PBXSourcesBuildPhase section */
		13AC357D2D5B2C5B00FA1190 /* Sources */ = {
			isa = PBXSourcesBuildPhase;
			buildActionMask = 2147483647;
			files = (
			);
			runOnlyForDeploymentPostprocessing = 0;
		};
		13AC35912D5B2C5D00FA1190 /* Sources */ = {
			isa = PBXSourcesBuildPhase;
			buildActionMask = 2147483647;
			files = (
			);
			runOnlyForDeploymentPostprocessing = 0;
		};
		13AC359B2D5B2C5D00FA1190 /* Sources */ = {
			isa = PBXSourcesBuildPhase;
			buildActionMask = 2147483647;
			files = (
			);
			runOnlyForDeploymentPostprocessing = 0;
		};
/* End PBXSourcesBuildPhase section */

/* Begin PBXTargetDependency section */
		13AC35972D5B2C5D00FA1190 /* PBXTargetDependency */ = {
			isa = PBXTargetDependency;
			target = 13AC35802D5B2C5B00FA1190 /* unitask */;
			targetProxy = 13AC35962D5B2C5D00FA1190 /* PBXContainerItemProxy */;
		};
		13AC35A12D5B2C5D00FA1190 /* PBXTargetDependency */ = {
			isa = PBXTargetDependency;
			target = 13AC35802D5B2C5B00FA1190 /* unitask */;
			targetProxy = 13AC35A02D5B2C5D00FA1190 /* PBXContainerItemProxy */;
		};
/* End PBXTargetDependency section */

/* Begin XCBuildConfiguration section */
		13AC35A92D5B2C5D00FA1190 /* Debug */ = {
			isa = XCBuildConfiguration;
			buildSettings = {
				ASSETCATALOG_COMPILER_APPICON_NAME = AppIcon;
				ASSETCATALOG_COMPILER_GLOBAL_ACCENT_COLOR_NAME = AccentColor;
				CODE_SIGN_ENTITLEMENTS = unitask/unitask.entitlements;
				CODE_SIGN_STYLE = Automatic;
				CURRENT_PROJECT_VERSION = 1;
				DEVELOPMENT_ASSET_PATHS = "\"unitask/Preview Content\"";
				DEVELOPMENT_TEAM = B9UW8WA9B9;
				ENABLE_HARDENED_RUNTIME = YES;
				ENABLE_PREVIEWS = YES;
				GENERATE_INFOPLIST_FILE = YES;
				INFOPLIST_FILE = unitask/Info.plist;
				"INFOPLIST_KEY_UIApplicationSceneManifest_Generation[sdk=iphoneos*]" = YES;
				"INFOPLIST_KEY_UIApplicationSceneManifest_Generation[sdk=iphonesimulator*]" = YES;
				"INFOPLIST_KEY_UIApplicationSupportsIndirectInputEvents[sdk=iphoneos*]" = YES;
				"INFOPLIST_KEY_UIApplicationSupportsIndirectInputEvents[sdk=iphonesimulator*]" = YES;
				"INFOPLIST_KEY_UILaunchScreen_Generation[sdk=iphoneos*]" = YES;
				"INFOPLIST_KEY_UILaunchScreen_Generation[sdk=iphonesimulator*]" = YES;
				"INFOPLIST_KEY_UIStatusBarStyle[sdk=iphoneos*]" = UIStatusBarStyleDefault;
				"INFOPLIST_KEY_UIStatusBarStyle[sdk=iphonesimulator*]" = UIStatusBarStyleDefault;
				INFOPLIST_KEY_UISupportedInterfaceOrientations_iPad = "UIInterfaceOrientationPortrait UIInterfaceOrientationPortraitUpsideDown UIInterfaceOrientationLandscapeLeft UIInterfaceOrientationLandscapeRight";
				INFOPLIST_KEY_UISupportedInterfaceOrientations_iPhone = "UIInterfaceOrientationPortrait UIInterfaceOrientationLandscapeLeft UIInterfaceOrientationLandscapeRight";
				IPHONEOS_DEPLOYMENT_TARGET = 18.2;
				LD_RUNPATH_SEARCH_PATHS = "@executable_path/Frameworks";
				"LD_RUNPATH_SEARCH_PATHS[sdk=macosx*]" = "@executable_path/../Frameworks";
				MACOSX_DEPLOYMENT_TARGET = 14.0;
				MARKETING_VERSION = 1.0;
				PRODUCT_BUNDLE_IDENTIFIER = rm.unitask;
				PRODUCT_NAME = "$(TARGET_NAME)";
				SDKROOT = auto;
				SUPPORTED_PLATFORMS = "iphoneos iphonesimulator macosx xros xrsimulator";
				SWIFT_EMIT_LOC_STRINGS = YES;
				SWIFT_VERSION = 5.0;
				TARGETED_DEVICE_FAMILY = "1,2,7";
				XROS_DEPLOYMENT_TARGET = 2.2;
			};
			name = Debug;
		};
		13AC35AA2D5B2C5D00FA1190 /* Release */ = {
			isa = XCBuildConfiguration;
			buildSettings = {
				ASSETCATALOG_COMPILER_APPICON_NAME = AppIcon;
				ASSETCATALOG_COMPILER_GLOBAL_ACCENT_COLOR_NAME = AccentColor;
				CODE_SIGN_ENTITLEMENTS = unitask/unitask.entitlements;
				CODE_SIGN_STYLE = Automatic;
				CURRENT_PROJECT_VERSION = 1;
				DEVELOPMENT_ASSET_PATHS = "\"unitask/Preview Content\"";
				DEVELOPMENT_TEAM = B9UW8WA9B9;
				ENABLE_HARDENED_RUNTIME = YES;
				ENABLE_PREVIEWS = YES;
				GENERATE_INFOPLIST_FILE = YES;
				INFOPLIST_FILE = unitask/Info.plist;
				"INFOPLIST_KEY_UIApplicationSceneManifest_Generation[sdk=iphoneos*]" = YES;
				"INFOPLIST_KEY_UIApplicationSceneManifest_Generation[sdk=iphonesimulator*]" = YES;
				"INFOPLIST_KEY_UIApplicationSupportsIndirectInputEvents[sdk=iphoneos*]" = YES;
				"INFOPLIST_KEY_UIApplicationSupportsIndirectInputEvents[sdk=iphonesimulator*]" = YES;
				"INFOPLIST_KEY_UILaunchScreen_Generation[sdk=iphoneos*]" = YES;
				"INFOPLIST_KEY_UILaunchScreen_Generation[sdk=iphonesimulator*]" = YES;
				"INFOPLIST_KEY_UIStatusBarStyle[sdk=iphoneos*]" = UIStatusBarStyleDefault;
				"INFOPLIST_KEY_UIStatusBarStyle[sdk=iphonesimulator*]" = UIStatusBarStyleDefault;
				INFOPLIST_KEY_UISupportedInterfaceOrientations_iPad = "UIInterfaceOrientationPortrait UIInterfaceOrientationPortraitUpsideDown UIInterfaceOrientationLandscapeLeft UIInterfaceOrientationLandscapeRight";
				INFOPLIST_KEY_UISupportedInterfaceOrientations_iPhone = "UIInterfaceOrientationPortrait UIInterfaceOrientationLandscapeLeft UIInterfaceOrientationLandscapeRight";
				IPHONEOS_DEPLOYMENT_TARGET = 18.2;
				LD_RUNPATH_SEARCH_PATHS = "@executable_path/Frameworks";
				"LD_RUNPATH_SEARCH_PATHS[sdk=macosx*]" = "@executable_path/../Frameworks";
				MACOSX_DEPLOYMENT_TARGET = 14.0;
				MARKETING_VERSION = 1.0;
				PRODUCT_BUNDLE_IDENTIFIER = rm.unitask;
				PRODUCT_NAME = "$(TARGET_NAME)";
				SDKROOT = auto;
				SUPPORTED_PLATFORMS = "iphoneos iphonesimulator macosx xros xrsimulator";
				SWIFT_EMIT_LOC_STRINGS = YES;
				SWIFT_VERSION = 5.0;
				TARGETED_DEVICE_FAMILY = "1,2,7";
				XROS_DEPLOYMENT_TARGET = 2.2;
			};
			name = Release;
		};
		13AC35AB2D5B2C5D00FA1190 /* Debug */ = {
			isa = XCBuildConfiguration;
			buildSettings = {
				ALWAYS_SEARCH_USER_PATHS = NO;
				ASSETCATALOG_COMPILER_GENERATE_SWIFT_ASSET_SYMBOL_EXTENSIONS = YES;
				CLANG_ANALYZER_NONNULL = YES;
				CLANG_ANALYZER_NUMBER_OBJECT_CONVERSION = YES_AGGRESSIVE;
				CLANG_CXX_LANGUAGE_STANDARD = "gnu++20";
				CLANG_ENABLE_MODULES = YES;
				CLANG_ENABLE_OBJC_ARC = YES;
				CLANG_ENABLE_OBJC_WEAK = YES;
				CLANG_WARN_BLOCK_CAPTURE_AUTORELEASING = YES;
				CLANG_WARN_BOOL_CONVERSION = YES;
				CLANG_WARN_COMMA = YES;
				CLANG_WARN_CONSTANT_CONVERSION = YES;
				CLANG_WARN_DEPRECATED_OBJC_IMPLEMENTATIONS = YES;
				CLANG_WARN_DIRECT_OBJC_ISA_USAGE = YES_ERROR;
				CLANG_WARN_DOCUMENTATION_COMMENTS = YES;
				CLANG_WARN_EMPTY_BODY = YES;
				CLANG_WARN_ENUM_CONVERSION = YES;
				CLANG_WARN_INFINITE_RECURSION = YES;
				CLANG_WARN_INT_CONVERSION = YES;
				CLANG_WARN_NON_LITERAL_NULL_CONVERSION = YES;
				CLANG_WARN_OBJC_IMPLICIT_RETAIN_SELF = YES;
				CLANG_WARN_OBJC_LITERAL_CONVERSION = YES;
				CLANG_WARN_OBJC_ROOT_CLASS = YES_ERROR;
				CLANG_WARN_QUOTED_INCLUDE_IN_FRAMEWORK_HEADER = YES;
				CLANG_WARN_RANGE_LOOP_ANALYSIS = YES;
				CLANG_WARN_STRICT_PROTOTYPES = YES;
				CLANG_WARN_SUSPICIOUS_MOVE = YES;
				CLANG_WARN_UNGUARDED_AVAILABILITY = YES_AGGRESSIVE;
				CLANG_WARN_UNREACHABLE_CODE = YES;
				CLANG_WARN__DUPLICATE_METHOD_MATCH = YES;
				COPY_PHASE_STRIP = NO;
				DEBUG_INFORMATION_FORMAT = dwarf;
				ENABLE_STRICT_OBJC_MSGSEND = YES;
				ENABLE_TESTABILITY = YES;
				ENABLE_USER_SCRIPT_SANDBOXING = YES;
				GCC_C_LANGUAGE_STANDARD = gnu17;
				GCC_DYNAMIC_NO_PIC = NO;
				GCC_NO_COMMON_BLOCKS = YES;
				GCC_OPTIMIZATION_LEVEL = 0;
				GCC_PREPROCESSOR_DEFINITIONS = (
					"DEBUG=1",
					"$(inherited)",
				);
				GCC_WARN_64_TO_32_BIT_CONVERSION = YES;
				GCC_WARN_ABOUT_RETURN_TYPE = YES_ERROR;
				GCC_WARN_UNDECLARED_SELECTOR = YES;
				GCC_WARN_UNINITIALIZED_AUTOS = YES_AGGRESSIVE;
				GCC_WARN_UNUSED_FUNCTION = YES;
				GCC_WARN_UNUSED_VARIABLE = YES;
				LOCALIZATION_PREFERS_STRING_CATALOGS = YES;
				MTL_ENABLE_DEBUG_INFO = INCLUDE_SOURCE;
				MTL_FAST_MATH = YES;
				ONLY_ACTIVE_ARCH = YES;
				SWIFT_ACTIVE_COMPILATION_CONDITIONS = "DEBUG $(inherited)";
				SWIFT_OPTIMIZATION_LEVEL = "-Onone";
			};
			name = Debug;
		};
		13AC35AC2D5B2C5D00FA1190 /* Release */ = {
			isa = XCBuildConfiguration;
			buildSettings = {
				ALWAYS_SEARCH_USER_PATHS = NO;
				ASSETCATALOG_COMPILER_GENERATE_SWIFT_ASSET_SYMBOL_EXTENSIONS = YES;
				CLANG_ANALYZER_NONNULL = YES;
				CLANG_ANALYZER_NUMBER_OBJECT_CONVERSION = YES_AGGRESSIVE;
				CLANG_CXX_LANGUAGE_STANDARD = "gnu++20";
				CLANG_ENABLE_MODULES = YES;
				CLANG_ENABLE_OBJC_ARC = YES;
				CLANG_ENABLE_OBJC_WEAK = YES;
				CLANG_WARN_BLOCK_CAPTURE_AUTORELEASING = YES;
				CLANG_WARN_BOOL_CONVERSION = YES;
				CLANG_WARN_COMMA = YES;
				CLANG_WARN_CONSTANT_CONVERSION = YES;
				CLANG_WARN_DEPRECATED_OBJC_IMPLEMENTATIONS = YES;
				CLANG_WARN_DIRECT_OBJC_ISA_USAGE = YES_ERROR;
				CLANG_WARN_DOCUMENTATION_COMMENTS = YES;
				CLANG_WARN_EMPTY_BODY = YES;
				CLANG_WARN_ENUM_CONVERSION = YES;
				CLANG_WARN_INFINITE_RECURSION = YES;
				CLANG_WARN_INT_CONVERSION = YES;
				CLANG_WARN_NON_LITERAL_NULL_CONVERSION = YES;
				CLANG_WARN_OBJC_IMPLICIT_RETAIN_SELF = YES;
				CLANG_WARN_OBJC_LITERAL_CONVERSION = YES;
				CLANG_WARN_OBJC_ROOT_CLASS = YES_ERROR;
				CLANG_WARN_QUOTED_INCLUDE_IN_FRAMEWORK_HEADER = YES;
				CLANG_WARN_RANGE_LOOP_ANALYSIS = YES;
				CLANG_WARN_STRICT_PROTOTYPES = YES;
				CLANG_WARN_SUSPICIOUS_MOVE = YES;
				CLANG_WARN_UNGUARDED_AVAILABILITY = YES_AGGRESSIVE;
				CLANG_WARN_UNREACHABLE_CODE = YES;
				CLANG_WARN__DUPLICATE_METHOD_MATCH = YES;
				COPY_PHASE_STRIP = NO;
				DEBUG_INFORMATION_FORMAT = "dwarf-with-dsym";
				ENABLE_NS_ASSERTIONS = NO;
				ENABLE_STRICT_OBJC_MSGSEND = YES;
				ENABLE_USER_SCRIPT_SANDBOXING = YES;
				GCC_C_LANGUAGE_STANDARD = gnu17;
				GCC_NO_COMMON_BLOCKS = YES;
				GCC_WARN_64_TO_32_BIT_CONVERSION = YES;
				GCC_WARN_ABOUT_RETURN_TYPE = YES_ERROR;
				GCC_WARN_UNDECLARED_SELECTOR = YES;
				GCC_WARN_UNINITIALIZED_AUTOS = YES_AGGRESSIVE;
				GCC_WARN_UNUSED_FUNCTION = YES;
				GCC_WARN_UNUSED_VARIABLE = YES;
				LOCALIZATION_PREFERS_STRING_CATALOGS = YES;
				MTL_ENABLE_DEBUG_INFO = NO;
				MTL_FAST_MATH = YES;
				SWIFT_COMPILATION_MODE = wholemodule;
			};
			name = Release;
		};
		13AC35AE2D5B2C5D00FA1190 /* Debug */ = {
			isa = XCBuildConfiguration;
			buildSettings = {
				BUNDLE_LOADER = "$(TEST_HOST)";
				CODE_SIGN_STYLE = Automatic;
				CURRENT_PROJECT_VERSION = 1;
				DEVELOPMENT_TEAM = B9UW8WA9B9;
				GENERATE_INFOPLIST_FILE = YES;
				IPHONEOS_DEPLOYMENT_TARGET = 18.2;
				MACOSX_DEPLOYMENT_TARGET = 15.1;
				MARKETING_VERSION = 1.0;
				PRODUCT_BUNDLE_IDENTIFIER = rm.unitaskTests;
				PRODUCT_NAME = "$(TARGET_NAME)";
				SDKROOT = auto;
				SUPPORTED_PLATFORMS = "iphoneos iphonesimulator macosx xros xrsimulator";
				SWIFT_EMIT_LOC_STRINGS = NO;
				SWIFT_VERSION = 5.0;
				TARGETED_DEVICE_FAMILY = "1,2,7";
				TEST_HOST = "$(BUILT_PRODUCTS_DIR)/unitask.app/$(BUNDLE_EXECUTABLE_FOLDER_PATH)/unitask";
				XROS_DEPLOYMENT_TARGET = 2.2;
			};
			name = Debug;
		};
		13AC35AF2D5B2C5D00FA1190 /* Release */ = {
			isa = XCBuildConfiguration;
			buildSettings = {
				BUNDLE_LOADER = "$(TEST_HOST)";
				CODE_SIGN_STYLE = Automatic;
				CURRENT_PROJECT_VERSION = 1;
				DEVELOPMENT_TEAM = B9UW8WA9B9;
				GENERATE_INFOPLIST_FILE = YES;
				IPHONEOS_DEPLOYMENT_TARGET = 18.2;
				MACOSX_DEPLOYMENT_TARGET = 15.1;
				MARKETING_VERSION = 1.0;
				PRODUCT_BUNDLE_IDENTIFIER = rm.unitaskTests;
				PRODUCT_NAME = "$(TARGET_NAME)";
				SDKROOT = auto;
				SUPPORTED_PLATFORMS = "iphoneos iphonesimulator macosx xros xrsimulator";
				SWIFT_EMIT_LOC_STRINGS = NO;
				SWIFT_VERSION = 5.0;
				TARGETED_DEVICE_FAMILY = "1,2,7";
				TEST_HOST = "$(BUILT_PRODUCTS_DIR)/unitask.app/$(BUNDLE_EXECUTABLE_FOLDER_PATH)/unitask";
				XROS_DEPLOYMENT_TARGET = 2.2;
			};
			name = Release;
		};
		13AC35B12D5B2C5D00FA1190 /* Debug */ = {
			isa = XCBuildConfiguration;
			buildSettings = {
				CODE_SIGN_STYLE = Automatic;
				CURRENT_PROJECT_VERSION = 1;
				DEVELOPMENT_TEAM = B9UW8WA9B9;
				GENERATE_INFOPLIST_FILE = YES;
				IPHONEOS_DEPLOYMENT_TARGET = 18.2;
				MACOSX_DEPLOYMENT_TARGET = 15.1;
				MARKETING_VERSION = 1.0;
				PRODUCT_BUNDLE_IDENTIFIER = rm.unitaskUITests;
				PRODUCT_NAME = "$(TARGET_NAME)";
				SDKROOT = auto;
				SUPPORTED_PLATFORMS = "iphoneos iphonesimulator macosx xros xrsimulator";
				SWIFT_EMIT_LOC_STRINGS = NO;
				SWIFT_VERSION = 5.0;
				TARGETED_DEVICE_FAMILY = "1,2,7";
				TEST_TARGET_NAME = unitask;
				XROS_DEPLOYMENT_TARGET = 2.2;
			};
			name = Debug;
		};
		13AC35B22D5B2C5D00FA1190 /* Release */ = {
			isa = XCBuildConfiguration;
			buildSettings = {
				CODE_SIGN_STYLE = Automatic;
				CURRENT_PROJECT_VERSION = 1;
				DEVELOPMENT_TEAM = B9UW8WA9B9;
				GENERATE_INFOPLIST_FILE = YES;
				IPHONEOS_DEPLOYMENT_TARGET = 18.2;
				MACOSX_DEPLOYMENT_TARGET = 15.1;
				MARKETING_VERSION = 1.0;
				PRODUCT_BUNDLE_IDENTIFIER = rm.unitaskUITests;
				PRODUCT_NAME = "$(TARGET_NAME)";
				SDKROOT = auto;
				SUPPORTED_PLATFORMS = "iphoneos iphonesimulator macosx xros xrsimulator";
				SWIFT_EMIT_LOC_STRINGS = NO;
				SWIFT_VERSION = 5.0;
				TARGETED_DEVICE_FAMILY = "1,2,7";
				TEST_TARGET_NAME = unitask;
				XROS_DEPLOYMENT_TARGET = 2.2;
			};
			name = Release;
		};
/* End XCBuildConfiguration section */

/* Begin XCConfigurationList section */
		13AC357C2D5B2C5B00FA1190 /* Build configuration list for PBXProject "unitask" */ = {
			isa = XCConfigurationList;
			buildConfigurations = (
				13AC35AB2D5B2C5D00FA1190 /* Debug */,
				13AC35AC2D5B2C5D00FA1190 /* Release */,
			);
			defaultConfigurationIsVisible = 0;
			defaultConfigurationName = Release;
		};
		13AC35A82D5B2C5D00FA1190 /* Build configuration list for PBXNativeTarget "unitask" */ = {
			isa = XCConfigurationList;
			buildConfigurations = (
				13AC35A92D5B2C5D00FA1190 /* Debug */,
				13AC35AA2D5B2C5D00FA1190 /* Release */,
			);
			defaultConfigurationIsVisible = 0;
			defaultConfigurationName = Release;
		};
		13AC35AD2D5B2C5D00FA1190 /* Build configuration list for PBXNativeTarget "unitaskTests" */ = {
			isa = XCConfigurationList;
			buildConfigurations = (
				13AC35AE2D5B2C5D00FA1190 /* Debug */,
				13AC35AF2D5B2C5D00FA1190 /* Release */,
			);
			defaultConfigurationIsVisible = 0;
			defaultConfigurationName = Release;
		};
		13AC35B02D5B2C5D00FA1190 /* Build configuration list for PBXNativeTarget "unitaskUITests" */ = {
			isa = XCConfigurationList;
			buildConfigurations = (
				13AC35B12D5B2C5D00FA1190 /* Debug */,
				13AC35B22D5B2C5D00FA1190 /* Release */,
			);
			defaultConfigurationIsVisible = 0;
			defaultConfigurationName = Release;
		};
/* End XCConfigurationList section */

/* Begin XCRemoteSwiftPackageReference section */
		13AC35B72D5B334600FA1190 /* XCRemoteSwiftPackageReference "firebase-ios-sdk" */ = {
			isa = XCRemoteSwiftPackageReference;
			repositoryURL = "https://github.com/firebase/firebase-ios-sdk.git";
			requirement = {
				kind = upToNextMajorVersion;
				minimumVersion = 11.8.1;
			};
		};
		13AC35EA2D5B348000FA1190 /* XCRemoteSwiftPackageReference "GoogleSignIn-iOS" */ = {
			isa = XCRemoteSwiftPackageReference;
			repositoryURL = "https://github.com/google/GoogleSignIn-iOS";
			requirement = {
				kind = upToNextMajorVersion;
				minimumVersion = 8.0.0;
			};
		};
/* End XCRemoteSwiftPackageReference section */

/* Begin XCSwiftPackageProductDependency section */
		13AC35B82D5B334700FA1190 /* FirebaseAnalytics */ = {
			isa = XCSwiftPackageProductDependency;
			package = 13AC35B72D5B334600FA1190 /* XCRemoteSwiftPackageReference "firebase-ios-sdk" */;
			productName = FirebaseAnalytics;
		};
		13AC35BA2D5B334700FA1190 /* FirebaseAnalyticsOnDeviceConversion */ = {
			isa = XCSwiftPackageProductDependency;
			package = 13AC35B72D5B334600FA1190 /* XCRemoteSwiftPackageReference "firebase-ios-sdk" */;
			productName = FirebaseAnalyticsOnDeviceConversion;
		};
		13AC35BC2D5B334700FA1190 /* FirebaseAnalyticsWithoutAdIdSupport */ = {
			isa = XCSwiftPackageProductDependency;
			package = 13AC35B72D5B334600FA1190 /* XCRemoteSwiftPackageReference "firebase-ios-sdk" */;
			productName = FirebaseAnalyticsWithoutAdIdSupport;
		};
		13AC35BE2D5B334700FA1190 /* FirebaseAppCheck */ = {
			isa = XCSwiftPackageProductDependency;
			package = 13AC35B72D5B334600FA1190 /* XCRemoteSwiftPackageReference "firebase-ios-sdk" */;
			productName = FirebaseAppCheck;
		};
		13AC35C02D5B334700FA1190 /* FirebaseAppDistribution-Beta */ = {
			isa = XCSwiftPackageProductDependency;
			package = 13AC35B72D5B334600FA1190 /* XCRemoteSwiftPackageReference "firebase-ios-sdk" */;
			productName = "FirebaseAppDistribution-Beta";
		};
		13AC35C22D5B334700FA1190 /* FirebaseAuth */ = {
			isa = XCSwiftPackageProductDependency;
			package = 13AC35B72D5B334600FA1190 /* XCRemoteSwiftPackageReference "firebase-ios-sdk" */;
			productName = FirebaseAuth;
		};
		13AC35C42D5B334700FA1190 /* FirebaseAuthCombine-Community */ = {
			isa = XCSwiftPackageProductDependency;
			package = 13AC35B72D5B334600FA1190 /* XCRemoteSwiftPackageReference "firebase-ios-sdk" */;
			productName = "FirebaseAuthCombine-Community";
		};
		13AC35C62D5B334700FA1190 /* FirebaseCore */ = {
			isa = XCSwiftPackageProductDependency;
			package = 13AC35B72D5B334600FA1190 /* XCRemoteSwiftPackageReference "firebase-ios-sdk" */;
			productName = FirebaseCore;
		};
		13AC35C82D5B334700FA1190 /* FirebaseCrashlytics */ = {
			isa = XCSwiftPackageProductDependency;
			package = 13AC35B72D5B334600FA1190 /* XCRemoteSwiftPackageReference "firebase-ios-sdk" */;
			productName = FirebaseCrashlytics;
		};
		13AC35CA2D5B334700FA1190 /* FirebaseDatabase */ = {
			isa = XCSwiftPackageProductDependency;
			package = 13AC35B72D5B334600FA1190 /* XCRemoteSwiftPackageReference "firebase-ios-sdk" */;
			productName = FirebaseDatabase;
		};
		13AC35CC2D5B334700FA1190 /* FirebaseDynamicLinks */ = {
			isa = XCSwiftPackageProductDependency;
			package = 13AC35B72D5B334600FA1190 /* XCRemoteSwiftPackageReference "firebase-ios-sdk" */;
			productName = FirebaseDynamicLinks;
		};
		13AC35CE2D5B334700FA1190 /* FirebaseFirestore */ = {
			isa = XCSwiftPackageProductDependency;
			package = 13AC35B72D5B334600FA1190 /* XCRemoteSwiftPackageReference "firebase-ios-sdk" */;
			productName = FirebaseFirestore;
		};
		13AC35D02D5B334700FA1190 /* FirebaseFirestoreCombine-Community */ = {
			isa = XCSwiftPackageProductDependency;
			package = 13AC35B72D5B334600FA1190 /* XCRemoteSwiftPackageReference "firebase-ios-sdk" */;
			productName = "FirebaseFirestoreCombine-Community";
		};
		13AC35D22D5B334700FA1190 /* FirebaseFunctions */ = {
			isa = XCSwiftPackageProductDependency;
			package = 13AC35B72D5B334600FA1190 /* XCRemoteSwiftPackageReference "firebase-ios-sdk" */;
			productName = FirebaseFunctions;
		};
		13AC35D42D5B334700FA1190 /* FirebaseFunctionsCombine-Community */ = {
			isa = XCSwiftPackageProductDependency;
			package = 13AC35B72D5B334600FA1190 /* XCRemoteSwiftPackageReference "firebase-ios-sdk" */;
			productName = "FirebaseFunctionsCombine-Community";
		};
		13AC35D62D5B334700FA1190 /* FirebaseInAppMessaging-Beta */ = {
			isa = XCSwiftPackageProductDependency;
			package = 13AC35B72D5B334600FA1190 /* XCRemoteSwiftPackageReference "firebase-ios-sdk" */;
			productName = "FirebaseInAppMessaging-Beta";
		};
		13AC35D82D5B334700FA1190 /* FirebaseInstallations */ = {
			isa = XCSwiftPackageProductDependency;
			package = 13AC35B72D5B334600FA1190 /* XCRemoteSwiftPackageReference "firebase-ios-sdk" */;
			productName = FirebaseInstallations;
		};
		13AC35DA2D5B334700FA1190 /* FirebaseMLModelDownloader */ = {
			isa = XCSwiftPackageProductDependency;
			package = 13AC35B72D5B334600FA1190 /* XCRemoteSwiftPackageReference "firebase-ios-sdk" */;
			productName = FirebaseMLModelDownloader;
		};
		13AC35DC2D5B334700FA1190 /* FirebaseMessaging */ = {
			isa = XCSwiftPackageProductDependency;
			package = 13AC35B72D5B334600FA1190 /* XCRemoteSwiftPackageReference "firebase-ios-sdk" */;
			productName = FirebaseMessaging;
		};
		13AC35DE2D5B334700FA1190 /* FirebasePerformance */ = {
			isa = XCSwiftPackageProductDependency;
			package = 13AC35B72D5B334600FA1190 /* XCRemoteSwiftPackageReference "firebase-ios-sdk" */;
			productName = FirebasePerformance;
		};
		13AC35E02D5B334700FA1190 /* FirebaseRemoteConfig */ = {
			isa = XCSwiftPackageProductDependency;
			package = 13AC35B72D5B334600FA1190 /* XCRemoteSwiftPackageReference "firebase-ios-sdk" */;
			productName = FirebaseRemoteConfig;
		};
		13AC35E22D5B334700FA1190 /* FirebaseStorage */ = {
			isa = XCSwiftPackageProductDependency;
			package = 13AC35B72D5B334600FA1190 /* XCRemoteSwiftPackageReference "firebase-ios-sdk" */;
			productName = FirebaseStorage;
		};
		13AC35E42D5B334700FA1190 /* FirebaseVertexAI */ = {
			isa = XCSwiftPackageProductDependency;
			package = 13AC35B72D5B334600FA1190 /* XCRemoteSwiftPackageReference "firebase-ios-sdk" */;
			productName = FirebaseVertexAI;
		};
		13AC35EB2D5B348000FA1190 /* GoogleSignIn */ = {
			isa = XCSwiftPackageProductDependency;
			package = 13AC35EA2D5B348000FA1190 /* XCRemoteSwiftPackageReference "GoogleSignIn-iOS" */;
			productName = GoogleSignIn;
		};
		13AC35ED2D5B348000FA1190 /* GoogleSignInSwift */ = {
			isa = XCSwiftPackageProductDependency;
			package = 13AC35EA2D5B348000FA1190 /* XCRemoteSwiftPackageReference "GoogleSignIn-iOS" */;
			productName = GoogleSignInSwift;
		};
/* End XCSwiftPackageProductDependency section */
	};
	rootObject = 13AC35792D5B2C5B00FA1190 /* Project object */;
}
